// !$*UTF8*$!
{
	archiveVersion = 1;
	classes = {
	};
	objectVersion = 46;
	objects = {

/* Begin PBXBuildFile section */
		102B56961D1A3E7900165942 /* AppDelegate.swift in Sources */ = {isa = PBXBuildFile; fileRef = 102B56951D1A3E7900165942 /* AppDelegate.swift */; };
		102B56981D1A3E7900165942 /* DecisionListVC.swift in Sources */ = {isa = PBXBuildFile; fileRef = 102B56971D1A3E7900165942 /* DecisionListVC.swift */; };
		102B569B1D1A3E7900165942 /* Main.storyboard in Resources */ = {isa = PBXBuildFile; fileRef = 102B56991D1A3E7900165942 /* Main.storyboard */; };
		102B569E1D1A3E7900165942 /* DecisionsDecisons.xcdatamodeld in Sources */ = {isa = PBXBuildFile; fileRef = 102B569C1D1A3E7900165942 /* DecisionsDecisons.xcdatamodeld */; };
		102B56A01D1A3E7900165942 /* Assets.xcassets in Resources */ = {isa = PBXBuildFile; fileRef = 102B569F1D1A3E7900165942 /* Assets.xcassets */; };
		102B56A31D1A3E7900165942 /* LaunchScreen.storyboard in Resources */ = {isa = PBXBuildFile; fileRef = 102B56A11D1A3E7900165942 /* LaunchScreen.storyboard */; };
		102B56AE1D1A3E7A00165942 /* DecisionsDecisonsTests.swift in Sources */ = {isa = PBXBuildFile; fileRef = 102B56AD1D1A3E7A00165942 /* DecisionsDecisonsTests.swift */; };
		102B56B91D1A3E7A00165942 /* DecisionsDecisonsUITests.swift in Sources */ = {isa = PBXBuildFile; fileRef = 102B56B81D1A3E7A00165942 /* DecisionsDecisonsUITests.swift */; };
		102B56C71D1B6EA000165942 /* Criterion.swift in Sources */ = {isa = PBXBuildFile; fileRef = 102B56C61D1B6EA000165942 /* Criterion.swift */; };
		102B56C81D1B6EAC00165942 /* Criterion.swift in Sources */ = {isa = PBXBuildFile; fileRef = 102B56C61D1B6EA000165942 /* Criterion.swift */; };
		102B56C91D1B6EAD00165942 /* Criterion.swift in Sources */ = {isa = PBXBuildFile; fileRef = 102B56C61D1B6EA000165942 /* Criterion.swift */; };
		102B56D21D1B744E00165942 /* Decision.swift in Sources */ = {isa = PBXBuildFile; fileRef = 102B56D11D1B744E00165942 /* Decision.swift */; };
		102B56D31D1B744E00165942 /* Decision.swift in Sources */ = {isa = PBXBuildFile; fileRef = 102B56D11D1B744E00165942 /* Decision.swift */; };
		102B56D41D1B744E00165942 /* Decision.swift in Sources */ = {isa = PBXBuildFile; fileRef = 102B56D11D1B744E00165942 /* Decision.swift */; };
		105E67AE1D2072FE003AC6F0 /* Choice.swift in Sources */ = {isa = PBXBuildFile; fileRef = 105E67AD1D2072FE003AC6F0 /* Choice.swift */; };
		109F09011D20ADE10034BC01 /* Extensions.swift in Sources */ = {isa = PBXBuildFile; fileRef = 109F09001D20ADE10034BC01 /* Extensions.swift */; };
		109F09031D20AE5D0034BC01 /* AddDecisionVC.swift in Sources */ = {isa = PBXBuildFile; fileRef = 109F09021D20AE5D0034BC01 /* AddDecisionVC.swift */; };
		109F09041D20AE5D0034BC01 /* AddDecisionVC.swift in Sources */ = {isa = PBXBuildFile; fileRef = 109F09021D20AE5D0034BC01 /* AddDecisionVC.swift */; };
		10AC2A7B1D1F861E00C273C7 /* Datasource.swift in Sources */ = {isa = PBXBuildFile; fileRef = 10CC16CF1D1F7DC1000A412A /* Datasource.swift */; };
		10AC2A7C1D1F861F00C273C7 /* Datasource.swift in Sources */ = {isa = PBXBuildFile; fileRef = 10CC16CF1D1F7DC1000A412A /* Datasource.swift */; };
		10AC2A7D1D1F862200C273C7 /* DecisionListVC.swift in Sources */ = {isa = PBXBuildFile; fileRef = 102B56971D1A3E7900165942 /* DecisionListVC.swift */; };
		10AC2A7E1D1F862300C273C7 /* DecisionListVC.swift in Sources */ = {isa = PBXBuildFile; fileRef = 102B56971D1A3E7900165942 /* DecisionListVC.swift */; };
		10AC2A8B1D1F892800C273C7 /* SF-UI-Display-Black.otf in Resources */ = {isa = PBXBuildFile; fileRef = 10AC2A821D1F892800C273C7 /* SF-UI-Display-Black.otf */; };
		10AC2A8C1D1F892800C273C7 /* SF-UI-Display-Bold.otf in Resources */ = {isa = PBXBuildFile; fileRef = 10AC2A831D1F892800C273C7 /* SF-UI-Display-Bold.otf */; };
		10AC2A8D1D1F892800C273C7 /* SF-UI-Display-Heavy.otf in Resources */ = {isa = PBXBuildFile; fileRef = 10AC2A841D1F892800C273C7 /* SF-UI-Display-Heavy.otf */; };
		10AC2A8E1D1F892800C273C7 /* SF-UI-Display-Light.otf in Resources */ = {isa = PBXBuildFile; fileRef = 10AC2A851D1F892800C273C7 /* SF-UI-Display-Light.otf */; };
		10AC2A8F1D1F892800C273C7 /* SF-UI-Display-Medium.otf in Resources */ = {isa = PBXBuildFile; fileRef = 10AC2A861D1F892800C273C7 /* SF-UI-Display-Medium.otf */; };
		10AC2A901D1F892800C273C7 /* SF-UI-Display-Regular.otf in Resources */ = {isa = PBXBuildFile; fileRef = 10AC2A871D1F892800C273C7 /* SF-UI-Display-Regular.otf */; };
		10AC2A911D1F892800C273C7 /* SF-UI-Display-Semibold.otf in Resources */ = {isa = PBXBuildFile; fileRef = 10AC2A881D1F892800C273C7 /* SF-UI-Display-Semibold.otf */; };
		10AC2A921D1F892800C273C7 /* SF-UI-Display-Thin.otf in Resources */ = {isa = PBXBuildFile; fileRef = 10AC2A891D1F892800C273C7 /* SF-UI-Display-Thin.otf */; };
		10AC2A931D1F892800C273C7 /* SF-UI-Display-Ultralight.otf in Resources */ = {isa = PBXBuildFile; fileRef = 10AC2A8A1D1F892800C273C7 /* SF-UI-Display-Ultralight.otf */; };
		10AC2A951D1F895C00C273C7 /* DecisionCell.swift in Sources */ = {isa = PBXBuildFile; fileRef = 10AC2A941D1F895C00C273C7 /* DecisionCell.swift */; };
		10AC2A961D1F895C00C273C7 /* DecisionCell.swift in Sources */ = {isa = PBXBuildFile; fileRef = 10AC2A941D1F895C00C273C7 /* DecisionCell.swift */; };
		10AC2A971D1F895C00C273C7 /* DecisionCell.swift in Sources */ = {isa = PBXBuildFile; fileRef = 10AC2A941D1F895C00C273C7 /* DecisionCell.swift */; };
		10B955B51D28B3DA00E14688 /* MappableVC.swift in Sources */ = {isa = PBXBuildFile; fileRef = 10B955B41D28B3DA00E14688 /* MappableVC.swift */; };
		10B955B61D28B3DA00E14688 /* MappableVC.swift in Sources */ = {isa = PBXBuildFile; fileRef = 10B955B41D28B3DA00E14688 /* MappableVC.swift */; };
		10B955B71D28B3DA00E14688 /* MappableVC.swift in Sources */ = {isa = PBXBuildFile; fileRef = 10B955B41D28B3DA00E14688 /* MappableVC.swift */; };
		10CC16D01D1F7DC1000A412A /* Datasource.swift in Sources */ = {isa = PBXBuildFile; fileRef = 10CC16CF1D1F7DC1000A412A /* Datasource.swift */; };
		10E618231D29C1D9009F9A49 /* AddCriteriaVC.swift in Sources */ = {isa = PBXBuildFile; fileRef = 10E618221D29C1D9009F9A49 /* AddCriteriaVC.swift */; };
		10E618241D29C1DB009F9A49 /* AddCriteriaVC.swift in Sources */ = {isa = PBXBuildFile; fileRef = 10E618221D29C1D9009F9A49 /* AddCriteriaVC.swift */; };
		10E618251D29C1DB009F9A49 /* AddCriteriaVC.swift in Sources */ = {isa = PBXBuildFile; fileRef = 10E618221D29C1D9009F9A49 /* AddCriteriaVC.swift */; };
		10ED1CB81D2629CC004CB49E /* IncludePhotoVC.swift in Sources */ = {isa = PBXBuildFile; fileRef = 10ED1CB71D2629CC004CB49E /* IncludePhotoVC.swift */; };
		10ED1CB91D2629CC004CB49E /* IncludePhotoVC.swift in Sources */ = {isa = PBXBuildFile; fileRef = 10ED1CB71D2629CC004CB49E /* IncludePhotoVC.swift */; };
		10ED1CBA1D2629CC004CB49E /* IncludePhotoVC.swift in Sources */ = {isa = PBXBuildFile; fileRef = 10ED1CB71D2629CC004CB49E /* IncludePhotoVC.swift */; };
/* End PBXBuildFile section */

/* Begin PBXContainerItemProxy section */
		102B56AA1D1A3E7A00165942 /* PBXContainerItemProxy */ = {
			isa = PBXContainerItemProxy;
			containerPortal = 102B568A1D1A3E7900165942 /* Project object */;
			proxyType = 1;
			remoteGlobalIDString = 102B56911D1A3E7900165942;
			remoteInfo = DecisionsDecisons;
		};
		102B56B51D1A3E7A00165942 /* PBXContainerItemProxy */ = {
			isa = PBXContainerItemProxy;
			containerPortal = 102B568A1D1A3E7900165942 /* Project object */;
			proxyType = 1;
			remoteGlobalIDString = 102B56911D1A3E7900165942;
			remoteInfo = DecisionsDecisons;
		};
/* End PBXContainerItemProxy section */

/* Begin PBXFileReference section */
		102B56921D1A3E7900165942 /* DecisionsDecisons.app */ = {isa = PBXFileReference; explicitFileType = wrapper.application; includeInIndex = 0; path = DecisionsDecisons.app; sourceTree = BUILT_PRODUCTS_DIR; };
		102B56951D1A3E7900165942 /* AppDelegate.swift */ = {isa = PBXFileReference; lastKnownFileType = sourcecode.swift; path = AppDelegate.swift; sourceTree = "<group>"; };
		102B56971D1A3E7900165942 /* DecisionListVC.swift */ = {isa = PBXFileReference; lastKnownFileType = sourcecode.swift; path = DecisionListVC.swift; sourceTree = "<group>"; };
		102B569A1D1A3E7900165942 /* Base */ = {isa = PBXFileReference; lastKnownFileType = file.storyboard; name = Base; path = Base.lproj/Main.storyboard; sourceTree = "<group>"; };
		102B569D1D1A3E7900165942 /* DecisionsDecisons.xcdatamodel */ = {isa = PBXFileReference; lastKnownFileType = wrapper.xcdatamodel; path = DecisionsDecisons.xcdatamodel; sourceTree = "<group>"; };
		102B569F1D1A3E7900165942 /* Assets.xcassets */ = {isa = PBXFileReference; lastKnownFileType = folder.assetcatalog; path = Assets.xcassets; sourceTree = "<group>"; };
		102B56A21D1A3E7900165942 /* Base */ = {isa = PBXFileReference; lastKnownFileType = file.storyboard; name = Base; path = Base.lproj/LaunchScreen.storyboard; sourceTree = "<group>"; };
		102B56A41D1A3E7900165942 /* Info.plist */ = {isa = PBXFileReference; lastKnownFileType = text.plist.xml; path = Info.plist; sourceTree = "<group>"; };
		102B56A91D1A3E7A00165942 /* DecisionsDecisonsTests.xctest */ = {isa = PBXFileReference; explicitFileType = wrapper.cfbundle; includeInIndex = 0; path = DecisionsDecisonsTests.xctest; sourceTree = BUILT_PRODUCTS_DIR; };
		102B56AD1D1A3E7A00165942 /* DecisionsDecisonsTests.swift */ = {isa = PBXFileReference; lastKnownFileType = sourcecode.swift; path = DecisionsDecisonsTests.swift; sourceTree = "<group>"; };
		102B56AF1D1A3E7A00165942 /* Info.plist */ = {isa = PBXFileReference; lastKnownFileType = text.plist.xml; path = Info.plist; sourceTree = "<group>"; };
		102B56B41D1A3E7A00165942 /* DecisionsDecisonsUITests.xctest */ = {isa = PBXFileReference; explicitFileType = wrapper.cfbundle; includeInIndex = 0; path = DecisionsDecisonsUITests.xctest; sourceTree = BUILT_PRODUCTS_DIR; };
		102B56B81D1A3E7A00165942 /* DecisionsDecisonsUITests.swift */ = {isa = PBXFileReference; lastKnownFileType = sourcecode.swift; path = DecisionsDecisonsUITests.swift; sourceTree = "<group>"; };
		102B56BA1D1A3E7A00165942 /* Info.plist */ = {isa = PBXFileReference; lastKnownFileType = text.plist.xml; path = Info.plist; sourceTree = "<group>"; };
		102B56C61D1B6EA000165942 /* Criterion.swift */ = {isa = PBXFileReference; fileEncoding = 4; lastKnownFileType = sourcecode.swift; path = Criterion.swift; sourceTree = "<group>"; };
		102B56D11D1B744E00165942 /* Decision.swift */ = {isa = PBXFileReference; fileEncoding = 4; lastKnownFileType = sourcecode.swift; path = Decision.swift; sourceTree = "<group>"; };
		105E67AD1D2072FE003AC6F0 /* Choice.swift */ = {isa = PBXFileReference; fileEncoding = 4; lastKnownFileType = sourcecode.swift; path = Choice.swift; sourceTree = "<group>"; };
		109F09001D20ADE10034BC01 /* Extensions.swift */ = {isa = PBXFileReference; fileEncoding = 4; lastKnownFileType = sourcecode.swift; path = Extensions.swift; sourceTree = "<group>"; };
		109F09021D20AE5D0034BC01 /* AddDecisionVC.swift */ = {isa = PBXFileReference; fileEncoding = 4; lastKnownFileType = sourcecode.swift; path = AddDecisionVC.swift; sourceTree = "<group>"; };
		10AC2A821D1F892800C273C7 /* SF-UI-Display-Black.otf */ = {isa = PBXFileReference; lastKnownFileType = file; path = "SF-UI-Display-Black.otf"; sourceTree = "<group>"; };
		10AC2A831D1F892800C273C7 /* SF-UI-Display-Bold.otf */ = {isa = PBXFileReference; lastKnownFileType = file; path = "SF-UI-Display-Bold.otf"; sourceTree = "<group>"; };
		10AC2A841D1F892800C273C7 /* SF-UI-Display-Heavy.otf */ = {isa = PBXFileReference; lastKnownFileType = file; path = "SF-UI-Display-Heavy.otf"; sourceTree = "<group>"; };
		10AC2A851D1F892800C273C7 /* SF-UI-Display-Light.otf */ = {isa = PBXFileReference; lastKnownFileType = file; path = "SF-UI-Display-Light.otf"; sourceTree = "<group>"; };
		10AC2A861D1F892800C273C7 /* SF-UI-Display-Medium.otf */ = {isa = PBXFileReference; lastKnownFileType = file; path = "SF-UI-Display-Medium.otf"; sourceTree = "<group>"; };
		10AC2A871D1F892800C273C7 /* SF-UI-Display-Regular.otf */ = {isa = PBXFileReference; lastKnownFileType = file; path = "SF-UI-Display-Regular.otf"; sourceTree = "<group>"; };
		10AC2A881D1F892800C273C7 /* SF-UI-Display-Semibold.otf */ = {isa = PBXFileReference; lastKnownFileType = file; path = "SF-UI-Display-Semibold.otf"; sourceTree = "<group>"; };
		10AC2A891D1F892800C273C7 /* SF-UI-Display-Thin.otf */ = {isa = PBXFileReference; lastKnownFileType = file; path = "SF-UI-Display-Thin.otf"; sourceTree = "<group>"; };
		10AC2A8A1D1F892800C273C7 /* SF-UI-Display-Ultralight.otf */ = {isa = PBXFileReference; lastKnownFileType = file; path = "SF-UI-Display-Ultralight.otf"; sourceTree = "<group>"; };
		10AC2A941D1F895C00C273C7 /* DecisionCell.swift */ = {isa = PBXFileReference; fileEncoding = 4; lastKnownFileType = sourcecode.swift; path = DecisionCell.swift; sourceTree = "<group>"; };
		10B955B41D28B3DA00E14688 /* MappableVC.swift */ = {isa = PBXFileReference; fileEncoding = 4; lastKnownFileType = sourcecode.swift; path = MappableVC.swift; sourceTree = "<group>"; };
		10CC16CF1D1F7DC1000A412A /* Datasource.swift */ = {isa = PBXFileReference; fileEncoding = 4; lastKnownFileType = sourcecode.swift; path = Datasource.swift; sourceTree = "<group>"; };
		10E618221D29C1D9009F9A49 /* AddCriteriaVC.swift */ = {isa = PBXFileReference; fileEncoding = 4; lastKnownFileType = sourcecode.swift; path = AddCriteriaVC.swift; sourceTree = "<group>"; };
		10ED1CB71D2629CC004CB49E /* IncludePhotoVC.swift */ = {isa = PBXFileReference; fileEncoding = 4; lastKnownFileType = sourcecode.swift; path = IncludePhotoVC.swift; sourceTree = "<group>"; };
/* End PBXFileReference section */

/* Begin PBXFrameworksBuildPhase section */
		102B568F1D1A3E7900165942 /* Frameworks */ = {
			isa = PBXFrameworksBuildPhase;
			buildActionMask = 2147483647;
			files = (
			);
			runOnlyForDeploymentPostprocessing = 0;
		};
		102B56A61D1A3E7A00165942 /* Frameworks */ = {
			isa = PBXFrameworksBuildPhase;
			buildActionMask = 2147483647;
			files = (
			);
			runOnlyForDeploymentPostprocessing = 0;
		};
		102B56B11D1A3E7A00165942 /* Frameworks */ = {
			isa = PBXFrameworksBuildPhase;
			buildActionMask = 2147483647;
			files = (
			);
			runOnlyForDeploymentPostprocessing = 0;
		};
/* End PBXFrameworksBuildPhase section */

/* Begin PBXGroup section */
		102B56891D1A3E7900165942 = {
			isa = PBXGroup;
			children = (
				102B56941D1A3E7900165942 /* DecisionsDecisons */,
				102B56AC1D1A3E7A00165942 /* DecisionsDecisonsTests */,
				102B56B71D1A3E7A00165942 /* DecisionsDecisonsUITests */,
				102B56931D1A3E7900165942 /* Products */,
			);
			sourceTree = "<group>";
		};
		102B56931D1A3E7900165942 /* Products */ = {
			isa = PBXGroup;
			children = (
				102B56921D1A3E7900165942 /* DecisionsDecisons.app */,
				102B56A91D1A3E7A00165942 /* DecisionsDecisonsTests.xctest */,
				102B56B41D1A3E7A00165942 /* DecisionsDecisonsUITests.xctest */,
			);
			name = Products;
			sourceTree = "<group>";
		};
		102B56941D1A3E7900165942 /* DecisionsDecisons */ = {
			isa = PBXGroup;
			children = (
				10AC2A811D1F890B00C273C7 /* Resources */,
				10CC16CE1D1F7DB0000A412A /* Services */,
				102B56CC1D1B6EE800165942 /* Model */,
				102B56CB1D1B6EE400165942 /* View */,
				102B56CA1D1B6EDD00165942 /* Controller */,
				102B56951D1A3E7900165942 /* AppDelegate.swift */,
				102B569F1D1A3E7900165942 /* Assets.xcassets */,
				102B56A11D1A3E7900165942 /* LaunchScreen.storyboard */,
				102B56A41D1A3E7900165942 /* Info.plist */,
				102B569C1D1A3E7900165942 /* DecisionsDecisons.xcdatamodeld */,
			);
			path = DecisionsDecisons;
			sourceTree = "<group>";
		};
		102B56AC1D1A3E7A00165942 /* DecisionsDecisonsTests */ = {
			isa = PBXGroup;
			children = (
				102B56AD1D1A3E7A00165942 /* DecisionsDecisonsTests.swift */,
				102B56AF1D1A3E7A00165942 /* Info.plist */,
			);
			path = DecisionsDecisonsTests;
			sourceTree = "<group>";
		};
		102B56B71D1A3E7A00165942 /* DecisionsDecisonsUITests */ = {
			isa = PBXGroup;
			children = (
				102B56B81D1A3E7A00165942 /* DecisionsDecisonsUITests.swift */,
				102B56BA1D1A3E7A00165942 /* Info.plist */,
			);
			path = DecisionsDecisonsUITests;
			sourceTree = "<group>";
		};
		102B56CA1D1B6EDD00165942 /* Controller */ = {
			isa = PBXGroup;
			children = (
				102B56971D1A3E7900165942 /* DecisionListVC.swift */,
				109F09021D20AE5D0034BC01 /* AddDecisionVC.swift */,
				10ED1CB71D2629CC004CB49E /* IncludePhotoVC.swift */,
				10B955B41D28B3DA00E14688 /* MappableVC.swift */,
				10E618221D29C1D9009F9A49 /* AddCriteriaVC.swift */,
			);
			name = Controller;
			sourceTree = "<group>";
		};
		102B56CB1D1B6EE400165942 /* View */ = {
			isa = PBXGroup;
			children = (
				102B56991D1A3E7900165942 /* Main.storyboard */,
				10AC2A941D1F895C00C273C7 /* DecisionCell.swift */,
			);
			name = View;
			sourceTree = "<group>";
		};
		102B56CC1D1B6EE800165942 /* Model */ = {
			isa = PBXGroup;
			children = (
				102B56C61D1B6EA000165942 /* Criterion.swift */,
				102B56D11D1B744E00165942 /* Decision.swift */,
				105E67AD1D2072FE003AC6F0 /* Choice.swift */,
			);
			name = Model;
			sourceTree = "<group>";
		};
		10AC2A811D1F890B00C273C7 /* Resources */ = {
			isa = PBXGroup;
			children = (
				10AC2A821D1F892800C273C7 /* SF-UI-Display-Black.otf */,
				10AC2A831D1F892800C273C7 /* SF-UI-Display-Bold.otf */,
				10AC2A841D1F892800C273C7 /* SF-UI-Display-Heavy.otf */,
				10AC2A851D1F892800C273C7 /* SF-UI-Display-Light.otf */,
				10AC2A861D1F892800C273C7 /* SF-UI-Display-Medium.otf */,
				10AC2A871D1F892800C273C7 /* SF-UI-Display-Regular.otf */,
				10AC2A881D1F892800C273C7 /* SF-UI-Display-Semibold.otf */,
				10AC2A891D1F892800C273C7 /* SF-UI-Display-Thin.otf */,
				10AC2A8A1D1F892800C273C7 /* SF-UI-Display-Ultralight.otf */,
				109F09001D20ADE10034BC01 /* Extensions.swift */,
			);
			name = Resources;
			sourceTree = "<group>";
		};
		10CC16CE1D1F7DB0000A412A /* Services */ = {
			isa = PBXGroup;
			children = (
				10CC16CF1D1F7DC1000A412A /* Datasource.swift */,
			);
			name = Services;
			sourceTree = "<group>";
		};
/* End PBXGroup section */

/* Begin PBXNativeTarget section */
		102B56911D1A3E7900165942 /* DecisionsDecisons */ = {
			isa = PBXNativeTarget;
			buildConfigurationList = 102B56BD1D1A3E7A00165942 /* Build configuration list for PBXNativeTarget "DecisionsDecisons" */;
			buildPhases = (
				102B568E1D1A3E7900165942 /* Sources */,
				102B568F1D1A3E7900165942 /* Frameworks */,
				102B56901D1A3E7900165942 /* Resources */,
			);
			buildRules = (
			);
			dependencies = (
			);
			name = DecisionsDecisons;
			productName = DecisionsDecisons;
			productReference = 102B56921D1A3E7900165942 /* DecisionsDecisons.app */;
			productType = "com.apple.product-type.application";
		};
		102B56A81D1A3E7A00165942 /* DecisionsDecisonsTests */ = {
			isa = PBXNativeTarget;
			buildConfigurationList = 102B56C01D1A3E7A00165942 /* Build configuration list for PBXNativeTarget "DecisionsDecisonsTests" */;
			buildPhases = (
				102B56A51D1A3E7A00165942 /* Sources */,
				102B56A61D1A3E7A00165942 /* Frameworks */,
				102B56A71D1A3E7A00165942 /* Resources */,
			);
			buildRules = (
			);
			dependencies = (
				102B56AB1D1A3E7A00165942 /* PBXTargetDependency */,
			);
			name = DecisionsDecisonsTests;
			productName = DecisionsDecisonsTests;
			productReference = 102B56A91D1A3E7A00165942 /* DecisionsDecisonsTests.xctest */;
			productType = "com.apple.product-type.bundle.unit-test";
		};
		102B56B31D1A3E7A00165942 /* DecisionsDecisonsUITests */ = {
			isa = PBXNativeTarget;
			buildConfigurationList = 102B56C31D1A3E7A00165942 /* Build configuration list for PBXNativeTarget "DecisionsDecisonsUITests" */;
			buildPhases = (
				102B56B01D1A3E7A00165942 /* Sources */,
				102B56B11D1A3E7A00165942 /* Frameworks */,
				102B56B21D1A3E7A00165942 /* Resources */,
			);
			buildRules = (
			);
			dependencies = (
				102B56B61D1A3E7A00165942 /* PBXTargetDependency */,
			);
			name = DecisionsDecisonsUITests;
			productName = DecisionsDecisonsUITests;
			productReference = 102B56B41D1A3E7A00165942 /* DecisionsDecisonsUITests.xctest */;
			productType = "com.apple.product-type.bundle.ui-testing";
		};
/* End PBXNativeTarget section */

/* Begin PBXProject section */
		102B568A1D1A3E7900165942 /* Project object */ = {
			isa = PBXProject;
			attributes = {
				LastSwiftUpdateCheck = 0730;
				LastUpgradeCheck = 0730;
				ORGANIZATIONNAME = "Drew Lanning";
				TargetAttributes = {
					102B56911D1A3E7900165942 = {
						CreatedOnToolsVersion = 7.3.1;
					};
					102B56A81D1A3E7A00165942 = {
						CreatedOnToolsVersion = 7.3.1;
						TestTargetID = 102B56911D1A3E7900165942;
					};
					102B56B31D1A3E7A00165942 = {
						CreatedOnToolsVersion = 7.3.1;
						TestTargetID = 102B56911D1A3E7900165942;
					};
				};
			};
			buildConfigurationList = 102B568D1D1A3E7900165942 /* Build configuration list for PBXProject "DecisionsDecisons" */;
			compatibilityVersion = "Xcode 3.2";
			developmentRegion = English;
			hasScannedForEncodings = 0;
			knownRegions = (
				en,
				Base,
			);
			mainGroup = 102B56891D1A3E7900165942;
			productRefGroup = 102B56931D1A3E7900165942 /* Products */;
			projectDirPath = "";
			projectRoot = "";
			targets = (
				102B56911D1A3E7900165942 /* DecisionsDecisons */,
				102B56A81D1A3E7A00165942 /* DecisionsDecisonsTests */,
				102B56B31D1A3E7A00165942 /* DecisionsDecisonsUITests */,
			);
		};
/* End PBXProject section */

/* Begin PBXResourcesBuildPhase section */
		102B56901D1A3E7900165942 /* Resources */ = {
			isa = PBXResourcesBuildPhase;
			buildActionMask = 2147483647;
			files = (
				102B56A31D1A3E7900165942 /* LaunchScreen.storyboard in Resources */,
				10AC2A8D1D1F892800C273C7 /* SF-UI-Display-Heavy.otf in Resources */,
				10AC2A911D1F892800C273C7 /* SF-UI-Display-Semibold.otf in Resources */,
				10AC2A901D1F892800C273C7 /* SF-UI-Display-Regular.otf in Resources */,
				10AC2A8E1D1F892800C273C7 /* SF-UI-Display-Light.otf in Resources */,
				10AC2A8C1D1F892800C273C7 /* SF-UI-Display-Bold.otf in Resources */,
				10AC2A8F1D1F892800C273C7 /* SF-UI-Display-Medium.otf in Resources */,
				10AC2A931D1F892800C273C7 /* SF-UI-Display-Ultralight.otf in Resources */,
				102B56A01D1A3E7900165942 /* Assets.xcassets in Resources */,
				102B569B1D1A3E7900165942 /* Main.storyboard in Resources */,
				10AC2A921D1F892800C273C7 /* SF-UI-Display-Thin.otf in Resources */,
				10AC2A8B1D1F892800C273C7 /* SF-UI-Display-Black.otf in Resources */,
			);
			runOnlyForDeploymentPostprocessing = 0;
		};
		102B56A71D1A3E7A00165942 /* Resources */ = {
			isa = PBXResourcesBuildPhase;
			buildActionMask = 2147483647;
			files = (
			);
			runOnlyForDeploymentPostprocessing = 0;
		};
		102B56B21D1A3E7A00165942 /* Resources */ = {
			isa = PBXResourcesBuildPhase;
			buildActionMask = 2147483647;
			files = (
			);
			runOnlyForDeploymentPostprocessing = 0;
		};
/* End PBXResourcesBuildPhase section */

/* Begin PBXSourcesBuildPhase section */
		102B568E1D1A3E7900165942 /* Sources */ = {
			isa = PBXSourcesBuildPhase;
			buildActionMask = 2147483647;
			files = (
				109F09031D20AE5D0034BC01 /* AddDecisionVC.swift in Sources */,
				10E618231D29C1D9009F9A49 /* AddCriteriaVC.swift in Sources */,
				102B569E1D1A3E7900165942 /* DecisionsDecisons.xcdatamodeld in Sources */,
				109F09011D20ADE10034BC01 /* Extensions.swift in Sources */,
				102B56C71D1B6EA000165942 /* Criterion.swift in Sources */,
				105E67AE1D2072FE003AC6F0 /* Choice.swift in Sources */,
				102B56981D1A3E7900165942 /* DecisionListVC.swift in Sources */,
				10ED1CB81D2629CC004CB49E /* IncludePhotoVC.swift in Sources */,
				10AC2A951D1F895C00C273C7 /* DecisionCell.swift in Sources */,
				102B56961D1A3E7900165942 /* AppDelegate.swift in Sources */,
				102B56D21D1B744E00165942 /* Decision.swift in Sources */,
				10B955B51D28B3DA00E14688 /* MappableVC.swift in Sources */,
				10CC16D01D1F7DC1000A412A /* Datasource.swift in Sources */,
			);
			runOnlyForDeploymentPostprocessing = 0;
		};
		102B56A51D1A3E7A00165942 /* Sources */ = {
			isa = PBXSourcesBuildPhase;
			buildActionMask = 2147483647;
			files = (
				102B56AE1D1A3E7A00165942 /* DecisionsDecisonsTests.swift in Sources */,
				10AC2A7B1D1F861E00C273C7 /* Datasource.swift in Sources */,
				102B56C81D1B6EAC00165942 /* Criterion.swift in Sources */,
				10E618241D29C1DB009F9A49 /* AddCriteriaVC.swift in Sources */,
				109F09041D20AE5D0034BC01 /* AddDecisionVC.swift in Sources */,
				10AC2A961D1F895C00C273C7 /* DecisionCell.swift in Sources */,
				10AC2A7D1D1F862200C273C7 /* DecisionListVC.swift in Sources */,
				10ED1CB91D2629CC004CB49E /* IncludePhotoVC.swift in Sources */,
				10B955B61D28B3DA00E14688 /* MappableVC.swift in Sources */,
				102B56D31D1B744E00165942 /* Decision.swift in Sources */,
			);
			runOnlyForDeploymentPostprocessing = 0;
		};
		102B56B01D1A3E7A00165942 /* Sources */ = {
			isa = PBXSourcesBuildPhase;
			buildActionMask = 2147483647;
			files = (
				10E618251D29C1DB009F9A49 /* AddCriteriaVC.swift in Sources */,
				102B56B91D1A3E7A00165942 /* DecisionsDecisonsUITests.swift in Sources */,
				10AC2A7C1D1F861F00C273C7 /* Datasource.swift in Sources */,
				102B56C91D1B6EAD00165942 /* Criterion.swift in Sources */,
				10AC2A971D1F895C00C273C7 /* DecisionCell.swift in Sources */,
				10AC2A7E1D1F862300C273C7 /* DecisionListVC.swift in Sources */,
				102B56D41D1B744E00165942 /* Decision.swift in Sources */,
				10B955B71D28B3DA00E14688 /* MappableVC.swift in Sources */,
				10ED1CBA1D2629CC004CB49E /* IncludePhotoVC.swift in Sources */,
			);
			runOnlyForDeploymentPostprocessing = 0;
		};
/* End PBXSourcesBuildPhase section */

/* Begin PBXTargetDependency section */
		102B56AB1D1A3E7A00165942 /* PBXTargetDependency */ = {
			isa = PBXTargetDependency;
			target = 102B56911D1A3E7900165942 /* DecisionsDecisons */;
			targetProxy = 102B56AA1D1A3E7A00165942 /* PBXContainerItemProxy */;
		};
		102B56B61D1A3E7A00165942 /* PBXTargetDependency */ = {
			isa = PBXTargetDependency;
			target = 102B56911D1A3E7900165942 /* DecisionsDecisons */;
			targetProxy = 102B56B51D1A3E7A00165942 /* PBXContainerItemProxy */;
		};
/* End PBXTargetDependency section */

/* Begin PBXVariantGroup section */
		102B56991D1A3E7900165942 /* Main.storyboard */ = {
			isa = PBXVariantGroup;
			children = (
				102B569A1D1A3E7900165942 /* Base */,
			);
			name = Main.storyboard;
			sourceTree = "<group>";
		};
		102B56A11D1A3E7900165942 /* LaunchScreen.storyboard */ = {
			isa = PBXVariantGroup;
			children = (
				102B56A21D1A3E7900165942 /* Base */,
			);
			name = LaunchScreen.storyboard;
			sourceTree = "<group>";
		};
/* End PBXVariantGroup section */

/* Begin XCBuildConfiguration section */
		102B56BB1D1A3E7A00165942 /* Debug */ = {
			isa = XCBuildConfiguration;
			buildSettings = {
				ALWAYS_SEARCH_USER_PATHS = NO;
				CLANG_ANALYZER_NONNULL = YES;
				CLANG_CXX_LANGUAGE_STANDARD = "gnu++0x";
				CLANG_CXX_LIBRARY = "libc++";
				CLANG_ENABLE_MODULES = YES;
				CLANG_ENABLE_OBJC_ARC = YES;
				CLANG_WARN_BOOL_CONVERSION = YES;
				CLANG_WARN_CONSTANT_CONVERSION = YES;
				CLANG_WARN_DIRECT_OBJC_ISA_USAGE = YES_ERROR;
				CLANG_WARN_EMPTY_BODY = YES;
				CLANG_WARN_ENUM_CONVERSION = YES;
				CLANG_WARN_INT_CONVERSION = YES;
				CLANG_WARN_OBJC_ROOT_CLASS = YES_ERROR;
				CLANG_WARN_UNREACHABLE_CODE = YES;
				CLANG_WARN__DUPLICATE_METHOD_MATCH = YES;
				"CODE_SIGN_IDENTITY[sdk=iphoneos*]" = "iPhone Developer";
				COPY_PHASE_STRIP = NO;
				DEBUG_INFORMATION_FORMAT = dwarf;
				ENABLE_STRICT_OBJC_MSGSEND = YES;
				ENABLE_TESTABILITY = YES;
				GCC_C_LANGUAGE_STANDARD = gnu99;
				GCC_DYNAMIC_NO_PIC = NO;
				GCC_NO_COMMON_BLOCKS = YES;
				GCC_OPTIMIZATION_LEVEL = 0;
				GCC_PREPROCESSOR_DEFINITIONS = (
					"DEBUG=1",
					"$(inherited)",
				);
				GCC_WARN_64_TO_32_BIT_CONVERSION = YES;
				GCC_WARN_ABOUT_RETURN_TYPE = YES_ERROR;
				GCC_WARN_UNDECLARED_SELECTOR = YES;
				GCC_WARN_UNINITIALIZED_AUTOS = YES_AGGRESSIVE;
				GCC_WARN_UNUSED_FUNCTION = YES;
				GCC_WARN_UNUSED_VARIABLE = YES;
				IPHONEOS_DEPLOYMENT_TARGET = 9.3;
				MTL_ENABLE_DEBUG_INFO = YES;
				ONLY_ACTIVE_ARCH = YES;
				SDKROOT = iphoneos;
				SWIFT_OPTIMIZATION_LEVEL = "-Onone";
			};
			name = Debug;
		};
		102B56BC1D1A3E7A00165942 /* Release */ = {
			isa = XCBuildConfiguration;
			buildSettings = {
				ALWAYS_SEARCH_USER_PATHS = NO;
				CLANG_ANALYZER_NONNULL = YES;
				CLANG_CXX_LANGUAGE_STANDARD = "gnu++0x";
				CLANG_CXX_LIBRARY = "libc++";
				CLANG_ENABLE_MODULES = YES;
				CLANG_ENABLE_OBJC_ARC = YES;
				CLANG_WARN_BOOL_CONVERSION = YES;
				CLANG_WARN_CONSTANT_CONVERSION = YES;
				CLANG_WARN_DIRECT_OBJC_ISA_USAGE = YES_ERROR;
				CLANG_WARN_EMPTY_BODY = YES;
				CLANG_WARN_ENUM_CONVERSION = YES;
				CLANG_WARN_INT_CONVERSION = YES;
				CLANG_WARN_OBJC_ROOT_CLASS = YES_ERROR;
				CLANG_WARN_UNREACHABLE_CODE = YES;
				CLANG_WARN__DUPLICATE_METHOD_MATCH = YES;
				"CODE_SIGN_IDENTITY[sdk=iphoneos*]" = "iPhone Developer";
				COPY_PHASE_STRIP = NO;
				DEBUG_INFORMATION_FORMAT = "dwarf-with-dsym";
				ENABLE_NS_ASSERTIONS = NO;
				ENABLE_STRICT_OBJC_MSGSEND = YES;
				GCC_C_LANGUAGE_STANDARD = gnu99;
				GCC_NO_COMMON_BLOCKS = YES;
				GCC_WARN_64_TO_32_BIT_CONVERSION = YES;
				GCC_WARN_ABOUT_RETURN_TYPE = YES_ERROR;
				GCC_WARN_UNDECLARED_SELECTOR = YES;
				GCC_WARN_UNINITIALIZED_AUTOS = YES_AGGRESSIVE;
				GCC_WARN_UNUSED_FUNCTION = YES;
				GCC_WARN_UNUSED_VARIABLE = YES;
				IPHONEOS_DEPLOYMENT_TARGET = 9.3;
				MTL_ENABLE_DEBUG_INFO = NO;
				SDKROOT = iphoneos;
				VALIDATE_PRODUCT = YES;
			};
			name = Release;
		};
		102B56BE1D1A3E7A00165942 /* Debug */ = {
			isa = XCBuildConfiguration;
			buildSettings = {
				ASSETCATALOG_COMPILER_APPICON_NAME = AppIcon;
				INFOPLIST_FILE = DecisionsDecisons/Info.plist;
				LD_RUNPATH_SEARCH_PATHS = "$(inherited) @executable_path/Frameworks";
				PRODUCT_BUNDLE_IDENTIFIER = com.drewlanning.DecisionsDecisons;
				PRODUCT_NAME = "$(TARGET_NAME)";
			};
			name = Debug;
		};
		102B56BF1D1A3E7A00165942 /* Release */ = {
			isa = XCBuildConfiguration;
			buildSettings = {
				ASSETCATALOG_COMPILER_APPICON_NAME = AppIcon;
				INFOPLIST_FILE = DecisionsDecisons/Info.plist;
				LD_RUNPATH_SEARCH_PATHS = "$(inherited) @executable_path/Frameworks";
				PRODUCT_BUNDLE_IDENTIFIER = com.drewlanning.DecisionsDecisons;
				PRODUCT_NAME = "$(TARGET_NAME)";
			};
			name = Release;
		};
		102B56C11D1A3E7A00165942 /* Debug */ = {
			isa = XCBuildConfiguration;
			buildSettings = {
				BUNDLE_LOADER = "$(TEST_HOST)";
				INFOPLIST_FILE = DecisionsDecisonsTests/Info.plist;
				LD_RUNPATH_SEARCH_PATHS = "$(inherited) @executable_path/Frameworks @loader_path/Frameworks";
				PRODUCT_BUNDLE_IDENTIFIER = com.drewlanning.DecisionsDecisonsTests;
				PRODUCT_NAME = "$(TARGET_NAME)";
				TEST_HOST = "$(BUILT_PRODUCTS_DIR)/DecisionsDecisons.app/DecisionsDecisons";
			};
			name = Debug;
		};
		102B56C21D1A3E7A00165942 /* Release */ = {
			isa = XCBuildConfiguration;
			buildSettings = {
				BUNDLE_LOADER = "$(TEST_HOST)";
				INFOPLIST_FILE = DecisionsDecisonsTests/Info.plist;
				LD_RUNPATH_SEARCH_PATHS = "$(inherited) @executable_path/Frameworks @loader_path/Frameworks";
				PRODUCT_BUNDLE_IDENTIFIER = com.drewlanning.DecisionsDecisonsTests;
				PRODUCT_NAME = "$(TARGET_NAME)";
				TEST_HOST = "$(BUILT_PRODUCTS_DIR)/DecisionsDecisons.app/DecisionsDecisons";
			};
			name = Release;
		};
		102B56C41D1A3E7A00165942 /* Debug */ = {
			isa = XCBuildConfiguration;
			buildSettings = {
				INFOPLIST_FILE = DecisionsDecisonsUITests/Info.plist;
				LD_RUNPATH_SEARCH_PATHS = "$(inherited) @executable_path/Frameworks @loader_path/Frameworks";
				PRODUCT_BUNDLE_IDENTIFIER = com.drewlanning.DecisionsDecisonsUITests;
				PRODUCT_NAME = "$(TARGET_NAME)";
				TEST_TARGET_NAME = DecisionsDecisons;
			};
			name = Debug;
		};
		102B56C51D1A3E7A00165942 /* Release */ = {
			isa = XCBuildConfiguration;
			buildSettings = {
				INFOPLIST_FILE = DecisionsDecisonsUITests/Info.plist;
				LD_RUNPATH_SEARCH_PATHS = "$(inherited) @executable_path/Frameworks @loader_path/Frameworks";
				PRODUCT_BUNDLE_IDENTIFIER = com.drewlanning.DecisionsDecisonsUITests;
				PRODUCT_NAME = "$(TARGET_NAME)";
				TEST_TARGET_NAME = DecisionsDecisons;
			};
			name = Release;
		};
/* End XCBuildConfiguration section */

/* Begin XCConfigurationList section */
		102B568D1D1A3E7900165942 /* Build configuration list for PBXProject "DecisionsDecisons" */ = {
			isa = XCConfigurationList;
			buildConfigurations = (
				102B56BB1D1A3E7A00165942 /* Debug */,
				102B56BC1D1A3E7A00165942 /* Release */,
			);
			defaultConfigurationIsVisible = 0;
			defaultConfigurationName = Release;
		};
		102B56BD1D1A3E7A00165942 /* Build configuration list for PBXNativeTarget "DecisionsDecisons" */ = {
			isa = XCConfigurationList;
			buildConfigurations = (
				102B56BE1D1A3E7A00165942 /* Debug */,
				102B56BF1D1A3E7A00165942 /* Release */,
			);
			defaultConfigurationIsVisible = 0;
			defaultConfigurationName = Release;
		};
		102B56C01D1A3E7A00165942 /* Build configuration list for PBXNativeTarget "DecisionsDecisonsTests" */ = {
			isa = XCConfigurationList;
			buildConfigurations = (
				102B56C11D1A3E7A00165942 /* Debug */,
				102B56C21D1A3E7A00165942 /* Release */,
			);
			defaultConfigurationIsVisible = 0;
			defaultConfigurationName = Release;
		};
		102B56C31D1A3E7A00165942 /* Build configuration list for PBXNativeTarget "DecisionsDecisonsUITests" */ = {
			isa = XCConfigurationList;
			buildConfigurations = (
				102B56C41D1A3E7A00165942 /* Debug */,
				102B56C51D1A3E7A00165942 /* Release */,
			);
			defaultConfigurationIsVisible = 0;
			defaultConfigurationName = Release;
		};
/* End XCConfigurationList section */

/* Begin XCVersionGroup section */
		102B569C1D1A3E7900165942 /* DecisionsDecisons.xcdatamodeld */ = {
			isa = XCVersionGroup;
			children = (
				102B569D1D1A3E7900165942 /* DecisionsDecisons.xcdatamodel */,
			);
			currentVersion = 102B569D1D1A3E7900165942 /* DecisionsDecisons.xcdatamodel */;
			path = DecisionsDecisons.xcdatamodeld;
			sourceTree = "<group>";
			versionGroupType = wrapper.xcdatamodel;
		};
/* End XCVersionGroup section */
	};
	rootObject = 102B568A1D1A3E7900165942 /* Project object */;
}
